
Microsoft Visual Studio Solution File, Format Version 12.00
# Visual Studio Version 17
VisualStudioVersion = 17.7.34031.279
MinimumVisualStudioVersion = 10.0.40219.1
Project("{9A19103F-16F7-4668-BE54-9A1E7A4F7556}") = "FortitudeCommon", "FortitudeCommon\FortitudeCommon.csproj", "{E4808314-0328-4390-912A-7C9C2FF40409}"
EndProject
Project("{9A19103F-16F7-4668-BE54-9A1E7A4F7556}") = "FortitudeTests", "FortitudeTests\FortitudeTests.csproj", "{AEDB3DDF-8BAC-4A47-ABAB-3CADD591B996}"
EndProject
Project("{9A19103F-16F7-4668-BE54-9A1E7A4F7556}") = "FortitudeIO", "FortitudeIO\FortitudeIO.csproj", "{14EA2D1E-1A30-4AB8-8B94-8AE5CE6E6E14}"
EndProject
Project("{9A19103F-16F7-4668-BE54-9A1E7A4F7556}") = "FortitudeMarkets", "FortitudeMarkets\FortitudeMarkets.csproj", "{255E26B2-6660-4C78-A1B2-F396E3568987}"
EndProject
Project("{9A19103F-16F7-4668-BE54-9A1E7A4F7556}") = "ForititudeBusRules", "ForitudeBusRules\ForititudeBusRules.csproj", "{706C862A-F116-451B-A221-4E772AEE4C5F}"
EndProject
Project("{9A19103F-16F7-4668-BE54-9A1E7A4F7556}") = "GettingStartedCreatingAnInstance", "Examples\Documentation\wiki\FortitudeBusRules\GettingStartedCreatingAnInstance\GettingStartedCreatingAnInstance.csproj", "{1E73C0E4-81B7-44B5-A85A-D4486511DE1C}"
EndProject
Project("{2150E333-8FDC-42A3-9474-1A3956D46DE8}") = "Examples", "Examples", "{4DCEBA9B-5515-47B5-AB5E-CB7D545F7C57}"
EndProject
Project("{2150E333-8FDC-42A3-9474-1A3956D46DE8}") = "Documentation", "Documentation", "{11345092-F010-482B-A278-82965E5FF8C0}"
EndProject
Project("{2150E333-8FDC-42A3-9474-1A3956D46DE8}") = "wiki", "wiki", "{5D51B3F5-9298-4244-8B84-1D709C28EEEF}"
EndProject
Project("{2150E333-8FDC-42A3-9474-1A3956D46DE8}") = "FortitudeBusRules", "FortitudeBusRules", "{FE07CA9B-3EBB-4468-89E5-6F7B5FFB5D65}"
EndProject
Global
	GlobalSection(SolutionConfigurationPlatforms) = preSolution
		Debug|Any CPU = Debug|Any CPU
		Release|Any CPU = Release|Any CPU
	EndGlobalSection
	GlobalSection(ProjectConfigurationPlatforms) = postSolution
		{E4808314-0328-4390-912A-7C9C2FF40409}.Debug|Any CPU.ActiveCfg = Debug|Any CPU
		{E4808314-0328-4390-912A-7C9C2FF40409}.Debug|Any CPU.Build.0 = Debug|Any CPU
		{E4808314-0328-4390-912A-7C9C2FF40409}.Release|Any CPU.ActiveCfg = Release|Any CPU
		{E4808314-0328-4390-912A-7C9C2FF40409}.Release|Any CPU.Build.0 = Release|Any CPU
		{AEDB3DDF-8BAC-4A47-ABAB-3CADD591B996}.Debug|Any CPU.ActiveCfg = Debug|Any CPU
		{AEDB3DDF-8BAC-4A47-ABAB-3CADD591B996}.Debug|Any CPU.Build.0 = Debug|Any CPU
		{AEDB3DDF-8BAC-4A47-ABAB-3CADD591B996}.Release|Any CPU.ActiveCfg = Release|Any CPU
		{AEDB3DDF-8BAC-4A47-ABAB-3CADD591B996}.Release|Any CPU.Build.0 = Release|Any CPU
		{14EA2D1E-1A30-4AB8-8B94-8AE5CE6E6E14}.Debug|Any CPU.ActiveCfg = Debug|Any CPU
		{14EA2D1E-1A30-4AB8-8B94-8AE5CE6E6E14}.Debug|Any CPU.Build.0 = Debug|Any CPU
		{14EA2D1E-1A30-4AB8-8B94-8AE5CE6E6E14}.Release|Any CPU.ActiveCfg = Release|Any CPU
		{14EA2D1E-1A30-4AB8-8B94-8AE5CE6E6E14}.Release|Any CPU.Build.0 = Release|Any CPU
		{255E26B2-6660-4C78-A1B2-F396E3568987}.Debug|Any CPU.ActiveCfg = Debug|Any CPU
		{255E26B2-6660-4C78-A1B2-F396E3568987}.Debug|Any CPU.Build.0 = Debug|Any CPU
		{255E26B2-6660-4C78-A1B2-F396E3568987}.Release|Any CPU.ActiveCfg = Release|Any CPU
		{255E26B2-6660-4C78-A1B2-F396E3568987}.Release|Any CPU.Build.0 = Release|Any CPU
		{706C862A-F116-451B-A221-4E772AEE4C5F}.Debug|Any CPU.ActiveCfg = Debug|Any CPU
		{706C862A-F116-451B-A221-4E772AEE4C5F}.Debug|Any CPU.Build.0 = Debug|Any CPU
		{706C862A-F116-451B-A221-4E772AEE4C5F}.Release|Any CPU.ActiveCfg = Release|Any CPU
		{706C862A-F116-451B-A221-4E772AEE4C5F}.Release|Any CPU.Build.0 = Release|Any CPU
		{1E73C0E4-81B7-44B5-A85A-D4486511DE1C}.Debug|Any CPU.ActiveCfg = Debug|Any CPU
		{1E73C0E4-81B7-44B5-A85A-D4486511DE1C}.Debug|Any CPU.Build.0 = Debug|Any CPU
		{1E73C0E4-81B7-44B5-A85A-D4486511DE1C}.Release|Any CPU.ActiveCfg = Release|Any CPU
		{1E73C0E4-81B7-44B5-A85A-D4486511DE1C}.Release|Any CPU.Build.0 = Release|Any CPU
	EndGlobalSection
	GlobalSection(SolutionProperties) = preSolution
		HideSolutionNode = FALSE
	EndGlobalSection
	GlobalSection(NestedProjects) = preSolution
		{1E73C0E4-81B7-44B5-A85A-D4486511DE1C} = {FE07CA9B-3EBB-4468-89E5-6F7B5FFB5D65}
		{11345092-F010-482B-A278-82965E5FF8C0} = {4DCEBA9B-5515-47B5-AB5E-CB7D545F7C57}
		{5D51B3F5-9298-4244-8B84-1D709C28EEEF} = {11345092-F010-482B-A278-82965E5FF8C0}
		{FE07CA9B-3EBB-4468-89E5-6F7B5FFB5D65} = {5D51B3F5-9298-4244-8B84-1D709C28EEEF}
	EndGlobalSection
	GlobalSection(ExtensibilityGlobals) = postSolution
		SolutionGuid = {E7162EED-FBA8-4BA2-BF46-CC10EA13AFEA}
	EndGlobalSection
EndGlobal
